
Microsoft Visual Studio Solution File, Format Version 12.00
# Visual Studio Version 16
VisualStudioVersion = 16.0.30114.105
MinimumVisualStudioVersion = 10.0.40219.1
Project("{FAE04EC0-301F-11D3-BF4B-00C04F79EFBC}") = "ProSwap.MVC", "ProSwap.MVC\ProSwap.MVC.csproj", "{E7643CCB-850D-4840-BC58-46E11F8D9CE9}"
EndProject
Project("{FAE04EC0-301F-11D3-BF4B-00C04F79EFBC}") = "ProSwap.API", "ProSwap.API\ProSwap.API.csproj", "{8E4EFCA2-BAB6-4D8A-93E0-6EC1F79C8A49}"
EndProject
Project("{FAE04EC0-301F-11D3-BF4B-00C04F79EFBC}") = "ProSwap.Data", "ProSwap.Data\ProSwap.Data.csproj", "{19A39ECB-EDE4-47C4-8C0D-71D57ED9287A}"
EndProject
Project("{FAE04EC0-301F-11D3-BF4B-00C04F79EFBC}") = "ProSwap.Services", "ProSwap.Services\ProSwap.Services.csproj", "{41378D54-4DE2-4AC2-8CD8-2A91574DFE35}"
EndProject
Project("{FAE04EC0-301F-11D3-BF4B-00C04F79EFBC}") = "ProSwap.Models", "ProSwap.Models\ProSwap.Models.csproj", "{37EC558B-96D1-4517-8232-C981088F4C90}"
EndProject
Global
	GlobalSection(SolutionConfigurationPlatforms) = preSolution
		Debug|Any CPU = Debug|Any CPU
		Release|Any CPU = Release|Any CPU
	EndGlobalSection
	GlobalSection(ProjectConfigurationPlatforms) = postSolution
		{E7643CCB-850D-4840-BC58-46E11F8D9CE9}.Debug|Any CPU.ActiveCfg = Debug|Any CPU
		{E7643CCB-850D-4840-BC58-46E11F8D9CE9}.Debug|Any CPU.Build.0 = Debug|Any CPU
		{E7643CCB-850D-4840-BC58-46E11F8D9CE9}.Release|Any CPU.ActiveCfg = Release|Any CPU
		{E7643CCB-850D-4840-BC58-46E11F8D9CE9}.Release|Any CPU.Build.0 = Release|Any CPU
		{8E4EFCA2-BAB6-4D8A-93E0-6EC1F79C8A49}.Debug|Any CPU.ActiveCfg = Debug|Any CPU
		{8E4EFCA2-BAB6-4D8A-93E0-6EC1F79C8A49}.Debug|Any CPU.Build.0 = Debug|Any CPU
		{8E4EFCA2-BAB6-4D8A-93E0-6EC1F79C8A49}.Release|Any CPU.ActiveCfg = Release|Any CPU
		{8E4EFCA2-BAB6-4D8A-93E0-6EC1F79C8A49}.Release|Any CPU.Build.0 = Release|Any CPU
		{19A39ECB-EDE4-47C4-8C0D-71D57ED9287A}.Debug|Any CPU.ActiveCfg = Debug|Any CPU
		{19A39ECB-EDE4-47C4-8C0D-71D57ED9287A}.Debug|Any CPU.Build.0 = Debug|Any CPU
		{19A39ECB-EDE4-47C4-8C0D-71D57ED9287A}.Release|Any CPU.ActiveCfg = Release|Any CPU
		{19A39ECB-EDE4-47C4-8C0D-71D57ED9287A}.Release|Any CPU.Build.0 = Release|Any CPU
		{41378D54-4DE2-4AC2-8CD8-2A91574DFE35}.Debug|Any CPU.ActiveCfg = Debug|Any CPU
		{41378D54-4DE2-4AC2-8CD8-2A91574DFE35}.Debug|Any CPU.Build.0 = Debug|Any CPU
		{41378D54-4DE2-4AC2-8CD8-2A91574DFE35}.Release|Any CPU.ActiveCfg = Release|Any CPU
		{41378D54-4DE2-4AC2-8CD8-2A91574DFE35}.Release|Any CPU.Build.0 = Release|Any CPU
		{37EC558B-96D1-4517-8232-C981088F4C90}.Debug|Any CPU.ActiveCfg = Debug|Any CPU
		{37EC558B-96D1-4517-8232-C981088F4C90}.Debug|Any CPU.Build.0 = Debug|Any CPU
		{37EC558B-96D1-4517-8232-C981088F4C90}.Release|Any CPU.ActiveCfg = Release|Any CPU
		{37EC558B-96D1-4517-8232-C981088F4C90}.Release|Any CPU.Build.0 = Release|Any CPU
	EndGlobalSection
	GlobalSection(SolutionProperties) = preSolution
		HideSolutionNode = FALSE
	EndGlobalSection
	GlobalSection(ExtensibilityGlobals) = postSolution
		SolutionGuid = {7C0001D6-4D74-4483-B24F-24758DD03738}
	EndGlobalSection
EndGlobal
